schema: '2.0'
stages:
  preprocess:
    cmd: python src/data/preprocess.py
    deps:
    - path: data/raw
      hash: md5
      md5: 8cbc02023086239ce111fbc02b391815.dir
      size: 189035867
      nfiles: 25
    - path: src/data/preprocess.py
      hash: md5
      md5: 1b74bc39dddec3c6ac3644e22b3f6455
      size: 7818
    outs:
    - path: data/processed
      hash: md5
      md5: 2aa378746bb5cf94c38912f81f00f745.dir
      size: 40237009
      nfiles: 2
  train:
    cmd: python -m src.training.train
    deps:
    - path: data/processed
      hash: md5
      md5: 2aa378746bb5cf94c38912f81f00f745.dir
      size: 40237009
      nfiles: 2
    - path: src/training/train.py
      hash: md5
      md5: 0de870b30f3b95fc5f924de9b6d51adc
      size: 6869
    outs:
    - path: models/feature_columns.json
      hash: md5
      md5: 05278841f2b7575089415e6a7140735d
      size: 279
    - path: models/xgb_severity.joblib
      hash: md5
      md5: 8e06ae224e28cd2367e4bfd0b15edfc9
      size: 873149183
  evaluate:
    cmd: python -m src.training.evaluate
    deps:
    - path: data/processed
      hash: md5
      md5: 2aa378746bb5cf94c38912f81f00f745.dir
      size: 40237009
      nfiles: 2
    - path: models/xgb_severity.joblib
      hash: md5
      md5: 8e06ae224e28cd2367e4bfd0b15edfc9
      size: 873149183
    - path: src/training/evaluate.py
      hash: md5
      md5: 666ce61be02c14f72de1bfc2c28b1867
      size: 4202
